Microsoft Visual Studio Solution File, Format Version 12.00
# Visual Studio Version 17
VisualStudioVersion = 17.5.2.0
MinimumVisualStudioVersion = 10.0.40219.1
Project("{FAE04EC0-301F-11D3-BF4B-00C04F79EFBC}") = "Json2Excel", "Json2Excel.csproj", "{BE2A23C7-BB75-1AE4-2314-0C1F93E1C1BB}"
EndProject
Global
	GlobalSection(SolutionConfigurationPlatforms) = preSolution
		Debug|Any CPU = Debug|Any CPU
		Release|Any CPU = Release|Any CPU
	EndGlobalSection
	GlobalSection(ProjectConfigurationPlatforms) = postSolution
		{BE2A23C7-BB75-1AE4-2314-0C1F93E1C1BB}.Debug|Any CPU.ActiveCfg = Debug|Any CPU
		{BE2A23C7-BB75-1AE4-2314-0C1F93E1C1BB}.Debug|Any CPU.Build.0 = Debug|Any CPU
		{BE2A23C7-BB75-1AE4-2314-0C1F93E1C1BB}.Release|Any CPU.ActiveCfg = Release|Any CPU
		{BE2A23C7-BB75-1AE4-2314-0C1F93E1C1BB}.Release|Any CPU.Build.0 = Release|Any CPU
	EndGlobalSection
	GlobalSection(SolutionProperties) = preSolution
		HideSolutionNode = FALSE
	EndGlobalSection
	GlobalSection(ExtensibilityGlobals) = postSolution
		SolutionGuid = {636C965C-AAC0-451D-85D2-0ABE2F8A6181}
	EndGlobalSection
EndGlobal
